
Microsoft Visual Studio Solution File, Format Version 12.00
# Visual Studio Version 16
VisualStudioVersion = 16.0.31702.278
MinimumVisualStudioVersion = 10.0.40219.1
Project("{FAE04EC0-301F-11D3-BF4B-00C04F79EFBC}") = "Extension Task", "Extension Task\Extension Task.csproj", "{34BC37AF-A8AB-4131-BAC3-1CB486455865}"
EndProject
Global
	GlobalSection(SolutionConfigurationPlatforms) = preSolution
		Debug|Any CPU = Debug|Any CPU
		Release|Any CPU = Release|Any CPU
	EndGlobalSection
	GlobalSection(ProjectConfigurationPlatforms) = postSolution
		{34BC37AF-A8AB-4131-BAC3-1CB486455865}.Debug|Any CPU.ActiveCfg = Debug|Any CPU
		{34BC37AF-A8AB-4131-BAC3-1CB486455865}.Debug|Any CPU.Build.0 = Debug|Any CPU
		{34BC37AF-A8AB-4131-BAC3-1CB486455865}.Release|Any CPU.ActiveCfg = Release|Any CPU
		{34BC37AF-A8AB-4131-BAC3-1CB486455865}.Release|Any CPU.Build.0 = Release|Any CPU
	EndGlobalSection
	GlobalSection(SolutionProperties) = preSolution
		HideSolutionNode = FALSE
	EndGlobalSection
	GlobalSection(ExtensibilityGlobals) = postSolution
		SolutionGuid = {C0CEEA33-BF2B-47AD-B971-7698B884F2FA}
	EndGlobalSection
EndGlobal
